
Microsoft Visual Studio Solution File, Format Version 12.00
# Visual Studio Version 17
VisualStudioVersion = 17.5.33530.505
MinimumVisualStudioVersion = 10.0.40219.1
Project("{FAE04EC0-301F-11D3-BF4B-00C04F79EFBC}") = "Web.Api", "Web.Api\Web.Api.csproj", "{1EB7721F-91D3-497C-B63B-0EC5CFF514DD}"
EndProject
Global
	GlobalSection(SolutionConfigurationPlatforms) = preSolution
		Debug|Any CPU = Debug|Any CPU
		Release|Any CPU = Release|Any CPU
	EndGlobalSection
	GlobalSection(ProjectConfigurationPlatforms) = postSolution
		{1EB7721F-91D3-497C-B63B-0EC5CFF514DD}.Debug|Any CPU.ActiveCfg = Debug|Any CPU
		{1EB7721F-91D3-497C-B63B-0EC5CFF514DD}.Debug|Any CPU.Build.0 = Debug|Any CPU
		{1EB7721F-91D3-497C-B63B-0EC5CFF514DD}.Release|Any CPU.ActiveCfg = Release|Any CPU
		{1EB7721F-91D3-497C-B63B-0EC5CFF514DD}.Release|Any CPU.Build.0 = Release|Any CPU
	EndGlobalSection
	GlobalSection(SolutionProperties) = preSolution
		HideSolutionNode = FALSE
	EndGlobalSection
	GlobalSection(ExtensibilityGlobals) = postSolution
		SolutionGuid = {DDC96DAA-0DC1-49F2-ADA3-E6F1FE47721E}
	EndGlobalSection
EndGlobal
